
Microsoft Visual Studio Solution File, Format Version 12.00
# Visual Studio Version 16
VisualStudioVersion = 16.0.32106.194
MinimumVisualStudioVersion = 10.0.40219.1
Project("{9A19103F-16F7-4668-BE54-9A1E7A4F7556}") = "PrismApp2", "PrismApp2\PrismApp2\PrismApp2.csproj", "{DECA86A2-AA3B-425C-9DE6-35C4AD83A5B0}"
EndProject
Project("{FAE04EC0-301F-11D3-BF4B-00C04F79EFBC}") = "PrismApp2.Android", "PrismApp2\PrismApp2.Android\PrismApp2.Android.csproj", "{ADFA66F1-D46A-44E8-9807-EDA71961FDEB}"
EndProject
Project("{FAE04EC0-301F-11D3-BF4B-00C04F79EFBC}") = "PrismApp2.iOS", "PrismApp2\PrismApp2.iOS\PrismApp2.iOS.csproj", "{8E943189-C833-489C-AAB2-06CF863E8D6E}"
EndProject
Project("{FAE04EC0-301F-11D3-BF4B-00C04F79EFBC}") = "PrismApp2.UWP", "PrismApp2\PrismApp2.UWP\PrismApp2.UWP.csproj", "{7376D0F2-5879-4AAB-8448-8A33DC0D38EE}"
EndProject
Global
	GlobalSection(SolutionConfigurationPlatforms) = preSolution
		Ad-Hoc|Any CPU = Ad-Hoc|Any CPU
		Ad-Hoc|ARM = Ad-Hoc|ARM
		Ad-Hoc|iPhone = Ad-Hoc|iPhone
		Ad-Hoc|iPhoneSimulator = Ad-Hoc|iPhoneSimulator
		Ad-Hoc|x64 = Ad-Hoc|x64
		Ad-Hoc|x86 = Ad-Hoc|x86
		AppStore|Any CPU = AppStore|Any CPU
		AppStore|ARM = AppStore|ARM
		AppStore|iPhone = AppStore|iPhone
		AppStore|iPhoneSimulator = AppStore|iPhoneSimulator
		AppStore|x64 = AppStore|x64
		AppStore|x86 = AppStore|x86
		Debug|Any CPU = Debug|Any CPU
		Debug|ARM = Debug|ARM
		Debug|iPhone = Debug|iPhone
		Debug|iPhoneSimulator = Debug|iPhoneSimulator
		Debug|x64 = Debug|x64
		Debug|x86 = Debug|x86
		Release|Any CPU = Release|Any CPU
		Release|ARM = Release|ARM
		Release|iPhone = Release|iPhone
		Release|iPhoneSimulator = Release|iPhoneSimulator
		Release|x64 = Release|x64
		Release|x86 = Release|x86
	EndGlobalSection
	GlobalSection(ProjectConfigurationPlatforms) = postSolution
		{DECA86A2-AA3B-425C-9DE6-35C4AD83A5B0}.Ad-Hoc|Any CPU.ActiveCfg = Debug|Any CPU
		{DECA86A2-AA3B-425C-9DE6-35C4AD83A5B0}.Ad-Hoc|Any CPU.Build.0 = Debug|Any CPU
		{DECA86A2-AA3B-425C-9DE6-35C4AD83A5B0}.Ad-Hoc|ARM.ActiveCfg = Debug|Any CPU
		{DECA86A2-AA3B-425C-9DE6-35C4AD83A5B0}.Ad-Hoc|ARM.Build.0 = Debug|Any CPU
		{DECA86A2-AA3B-425C-9DE6-35C4AD83A5B0}.Ad-Hoc|iPhone.ActiveCfg = Debug|Any CPU
		{DECA86A2-AA3B-425C-9DE6-35C4AD83A5B0}.Ad-Hoc|iPhone.Build.0 = Debug|Any CPU
		{DECA86A2-AA3B-425C-9DE6-35C4AD83A5B0}.Ad-Hoc|iPhoneSimulator.ActiveCfg = Debug|Any CPU
		{DECA86A2-AA3B-425C-9DE6-35C4AD83A5B0}.Ad-Hoc|iPhoneSimulator.Build.0 = Debug|Any CPU
		{DECA86A2-AA3B-425C-9DE6-35C4AD83A5B0}.Ad-Hoc|x64.ActiveCfg = Debug|Any CPU
		{DECA86A2-AA3B-425C-9DE6-35C4AD83A5B0}.Ad-Hoc|x64.Build.0 = Debug|Any CPU
		{DECA86A2-AA3B-425C-9DE6-35C4AD83A5B0}.Ad-Hoc|x86.ActiveCfg = Debug|Any CPU
		{DECA86A2-AA3B-425C-9DE6-35C4AD83A5B0}.Ad-Hoc|x86.Build.0 = Debug|Any CPU
		{DECA86A2-AA3B-425C-9DE6-35C4AD83A5B0}.AppStore|Any CPU.ActiveCfg = Debug|Any CPU
		{DECA86A2-AA3B-425C-9DE6-35C4AD83A5B0}.AppStore|Any CPU.Build.0 = Debug|Any CPU
		{DECA86A2-AA3B-425C-9DE6-35C4AD83A5B0}.AppStore|ARM.ActiveCfg = Debug|Any CPU
		{DECA86A2-AA3B-425C-9DE6-35C4AD83A5B0}.AppStore|ARM.Build.0 = Debug|Any CPU
		{DECA86A2-AA3B-425C-9DE6-35C4AD83A5B0}.AppStore|iPhone.ActiveCfg = Debug|Any CPU
		{DECA86A2-AA3B-425C-9DE6-35C4AD83A5B0}.AppStore|iPhone.Build.0 = Debug|Any CPU
		{DECA86A2-AA3B-425C-9DE6-35C4AD83A5B0}.AppStore|iPhoneSimulator.ActiveCfg = Debug|Any CPU
		{DECA86A2-AA3B-425C-9DE6-35C4AD83A5B0}.AppStore|iPhoneSimulator.Build.0 = Debug|Any CPU
		{DECA86A2-AA3B-425C-9DE6-35C4AD83A5B0}.AppStore|x64.ActiveCfg = Debug|Any CPU
		{DECA86A2-AA3B-425C-9DE6-35C4AD83A5B0}.AppStore|x64.Build.0 = Debug|Any CPU
		{DECA86A2-AA3B-425C-9DE6-35C4AD83A5B0}.AppStore|x86.ActiveCfg = Debug|Any CPU
		{DECA86A2-AA3B-425C-9DE6-35C4AD83A5B0}.AppStore|x86.Build.0 = Debug|Any CPU
		{DECA86A2-AA3B-425C-9DE6-35C4AD83A5B0}.Debug|Any CPU.ActiveCfg = Debug|Any CPU
		{DECA86A2-AA3B-425C-9DE6-35C4AD83A5B0}.Debug|Any CPU.Build.0 = Debug|Any CPU
		{DECA86A2-AA3B-425C-9DE6-35C4AD83A5B0}.Debug|ARM.ActiveCfg = Debug|Any CPU
		{DECA86A2-AA3B-425C-9DE6-35C4AD83A5B0}.Debug|ARM.Build.0 = Debug|Any CPU
		{DECA86A2-AA3B-425C-9DE6-35C4AD83A5B0}.Debug|iPhone.ActiveCfg = Debug|Any CPU
		{DECA86A2-AA3B-425C-9DE6-35C4AD83A5B0}.Debug|iPhone.Build.0 = Debug|Any CPU
		{DECA86A2-AA3B-425C-9DE6-35C4AD83A5B0}.Debug|iPhoneSimulator.ActiveCfg = Debug|Any CPU
		{DECA86A2-AA3B-425C-9DE6-35C4AD83A5B0}.Debug|iPhoneSimulator.Build.0 = Debug|Any CPU
		{DECA86A2-AA3B-425C-9DE6-35C4AD83A5B0}.Debug|x64.ActiveCfg = Debug|Any CPU
		{DECA86A2-AA3B-425C-9DE6-35C4AD83A5B0}.Debug|x64.Build.0 = Debug|Any CPU
		{DECA86A2-AA3B-425C-9DE6-35C4AD83A5B0}.Debug|x86.ActiveCfg = Debug|Any CPU
		{DECA86A2-AA3B-425C-9DE6-35C4AD83A5B0}.Debug|x86.Build.0 = Debug|Any CPU
		{DECA86A2-AA3B-425C-9DE6-35C4AD83A5B0}.Release|Any CPU.ActiveCfg = Release|Any CPU
		{DECA86A2-AA3B-425C-9DE6-35C4AD83A5B0}.Release|Any CPU.Build.0 = Release|Any CPU
		{DECA86A2-AA3B-425C-9DE6-35C4AD83A5B0}.Release|ARM.ActiveCfg = Release|Any CPU
		{DECA86A2-AA3B-425C-9DE6-35C4AD83A5B0}.Release|ARM.Build.0 = Release|Any CPU
		{DECA86A2-AA3B-425C-9DE6-35C4AD83A5B0}.Release|iPhone.ActiveCfg = Release|Any CPU
		{DECA86A2-AA3B-425C-9DE6-35C4AD83A5B0}.Release|iPhone.Build.0 = Release|Any CPU
		{DECA86A2-AA3B-425C-9DE6-35C4AD83A5B0}.Release|iPhoneSimulator.ActiveCfg = Release|Any CPU
		{DECA86A2-AA3B-425C-9DE6-35C4AD83A5B0}.Release|iPhoneSimulator.Build.0 = Release|Any CPU
		{DECA86A2-AA3B-425C-9DE6-35C4AD83A5B0}.Release|x64.ActiveCfg = Release|Any CPU
		{DECA86A2-AA3B-425C-9DE6-35C4AD83A5B0}.Release|x64.Build.0 = Release|Any CPU
		{DECA86A2-AA3B-425C-9DE6-35C4AD83A5B0}.Release|x86.ActiveCfg = Release|Any CPU
		{DECA86A2-AA3B-425C-9DE6-35C4AD83A5B0}.Release|x86.Build.0 = Release|Any CPU
		{ADFA66F1-D46A-44E8-9807-EDA71961FDEB}.Ad-Hoc|Any CPU.ActiveCfg = Debug|Any CPU
		{ADFA66F1-D46A-44E8-9807-EDA71961FDEB}.Ad-Hoc|Any CPU.Build.0 = Debug|Any CPU
		{ADFA66F1-D46A-44E8-9807-EDA71961FDEB}.Ad-Hoc|Any CPU.Deploy.0 = Debug|Any CPU
		{ADFA66F1-D46A-44E8-9807-EDA71961FDEB}.Ad-Hoc|ARM.ActiveCfg = Debug|Any CPU
		{ADFA66F1-D46A-44E8-9807-EDA71961FDEB}.Ad-Hoc|ARM.Build.0 = Debug|Any CPU
		{ADFA66F1-D46A-44E8-9807-EDA71961FDEB}.Ad-Hoc|ARM.Deploy.0 = Debug|Any CPU
		{ADFA66F1-D46A-44E8-9807-EDA71961FDEB}.Ad-Hoc|iPhone.ActiveCfg = Debug|Any CPU
		{ADFA66F1-D46A-44E8-9807-EDA71961FDEB}.Ad-Hoc|iPhone.Build.0 = Debug|Any CPU
		{ADFA66F1-D46A-44E8-9807-EDA71961FDEB}.Ad-Hoc|iPhone.Deploy.0 = Debug|Any CPU
		{ADFA66F1-D46A-44E8-9807-EDA71961FDEB}.Ad-Hoc|iPhoneSimulator.ActiveCfg = Debug|Any CPU
		{ADFA66F1-D46A-44E8-9807-EDA71961FDEB}.Ad-Hoc|iPhoneSimulator.Build.0 = Debug|Any CPU
		{ADFA66F1-D46A-44E8-9807-EDA71961FDEB}.Ad-Hoc|iPhoneSimulator.Deploy.0 = Debug|Any CPU
		{ADFA66F1-D46A-44E8-9807-EDA71961FDEB}.Ad-Hoc|x64.ActiveCfg = Debug|Any CPU
		{ADFA66F1-D46A-44E8-9807-EDA71961FDEB}.Ad-Hoc|x64.Build.0 = Debug|Any CPU
		{ADFA66F1-D46A-44E8-9807-EDA71961FDEB}.Ad-Hoc|x64.Deploy.0 = Debug|Any CPU
		{ADFA66F1-D46A-44E8-9807-EDA71961FDEB}.Ad-Hoc|x86.ActiveCfg = Debug|Any CPU
		{ADFA66F1-D46A-44E8-9807-EDA71961FDEB}.Ad-Hoc|x86.Build.0 = Debug|Any CPU
		{ADFA66F1-D46A-44E8-9807-EDA71961FDEB}.Ad-Hoc|x86.Deploy.0 = Debug|Any CPU
		{ADFA66F1-D46A-44E8-9807-EDA71961FDEB}.AppStore|Any CPU.ActiveCfg = Debug|Any CPU
		{ADFA66F1-D46A-44E8-9807-EDA71961FDEB}.AppStore|Any CPU.Build.0 = Debug|Any CPU
		{ADFA66F1-D46A-44E8-9807-EDA71961FDEB}.AppStore|Any CPU.Deploy.0 = Debug|Any CPU
		{ADFA66F1-D46A-44E8-9807-EDA71961FDEB}.AppStore|ARM.ActiveCfg = Debug|Any CPU
		{ADFA66F1-D46A-44E8-9807-EDA71961FDEB}.AppStore|ARM.Build.0 = Debug|Any CPU
		{ADFA66F1-D46A-44E8-9807-EDA71961FDEB}.AppStore|ARM.Deploy.0 = Debug|Any CPU
		{ADFA66F1-D46A-44E8-9807-EDA71961FDEB}.AppStore|iPhone.ActiveCfg = Debug|Any CPU
		{ADFA66F1-D46A-44E8-9807-EDA71961FDEB}.AppStore|iPhone.Build.0 = Debug|Any CPU
		{ADFA66F1-D46A-44E8-9807-EDA71961FDEB}.AppStore|iPhone.Deploy.0 = Debug|Any CPU
		{ADFA66F1-D46A-44E8-9807-EDA71961FDEB}.AppStore|iPhoneSimulator.ActiveCfg = Debug|Any CPU
		{ADFA66F1-D46A-44E8-9807-EDA71961FDEB}.AppStore|iPhoneSimulator.Build.0 = Debug|Any CPU
		{ADFA66F1-D46A-44E8-9807-EDA71961FDEB}.AppStore|iPhoneSimulator.Deploy.0 = Debug|Any CPU
		{ADFA66F1-D46A-44E8-9807-EDA71961FDEB}.AppStore|x64.ActiveCfg = Debug|Any CPU
		{ADFA66F1-D46A-44E8-9807-EDA71961FDEB}.AppStore|x64.Build.0 = Debug|Any CPU
		{ADFA66F1-D46A-44E8-9807-EDA71961FDEB}.AppStore|x64.Deploy.0 = Debug|Any CPU
		{ADFA66F1-D46A-44E8-9807-EDA71961FDEB}.AppStore|x86.ActiveCfg = Debug|Any CPU
		{ADFA66F1-D46A-44E8-9807-EDA71961FDEB}.AppStore|x86.Build.0 = Debug|Any CPU
		{ADFA66F1-D46A-44E8-9807-EDA71961FDEB}.AppStore|x86.Deploy.0 = Debug|Any CPU
		{ADFA66F1-D46A-44E8-9807-EDA71961FDEB}.Debug|Any CPU.ActiveCfg = Debug|Any CPU
		{ADFA66F1-D46A-44E8-9807-EDA71961FDEB}.Debug|Any CPU.Build.0 = Debug|Any CPU
		{ADFA66F1-D46A-44E8-9807-EDA71961FDEB}.Debug|Any CPU.Deploy.0 = Debug|Any CPU
		{ADFA66F1-D46A-44E8-9807-EDA71961FDEB}.Debug|ARM.ActiveCfg = Debug|Any CPU
		{ADFA66F1-D46A-44E8-9807-EDA71961FDEB}.Debug|ARM.Build.0 = Debug|Any CPU
		{ADFA66F1-D46A-44E8-9807-EDA71961FDEB}.Debug|ARM.Deploy.0 = Debug|Any CPU
		{ADFA66F1-D46A-44E8-9807-EDA71961FDEB}.Debug|iPhone.ActiveCfg = Debug|Any CPU
		{ADFA66F1-D46A-44E8-9807-EDA71961FDEB}.Debug|iPhone.Build.0 = Debug|Any CPU
		{ADFA66F1-D46A-44E8-9807-EDA71961FDEB}.Debug|iPhone.Deploy.0 = Debug|Any CPU
		{ADFA66F1-D46A-44E8-9807-EDA71961FDEB}.Debug|iPhoneSimulator.ActiveCfg = Debug|Any CPU
		{ADFA66F1-D46A-44E8-9807-EDA71961FDEB}.Debug|iPhoneSimulator.Build.0 = Debug|Any CPU
		{ADFA66F1-D46A-44E8-9807-EDA71961FDEB}.Debug|iPhoneSimulator.Deploy.0 = Debug|Any CPU
		{ADFA66F1-D46A-44E8-9807-EDA71961FDEB}.Debug|x64.ActiveCfg = Debug|Any CPU
		{ADFA66F1-D46A-44E8-9807-EDA71961FDEB}.Debug|x64.Build.0 = Debug|Any CPU
		{ADFA66F1-D46A-44E8-9807-EDA71961FDEB}.Debug|x64.Deploy.0 = Debug|Any CPU
		{ADFA66F1-D46A-44E8-9807-EDA71961FDEB}.Debug|x86.ActiveCfg = Debug|Any CPU
		{ADFA66F1-D46A-44E8-9807-EDA71961FDEB}.Debug|x86.Build.0 = Debug|Any CPU
		{ADFA66F1-D46A-44E8-9807-EDA71961FDEB}.Debug|x86.Deploy.0 = Debug|Any CPU
		{ADFA66F1-D46A-44E8-9807-EDA71961FDEB}.Release|Any CPU.ActiveCfg = Release|Any CPU
		{ADFA66F1-D46A-44E8-9807-EDA71961FDEB}.Release|Any CPU.Build.0 = Release|Any CPU
		{ADFA66F1-D46A-44E8-9807-EDA71961FDEB}.Release|Any CPU.Deploy.0 = Release|Any CPU
		{ADFA66F1-D46A-44E8-9807-EDA71961FDEB}.Release|ARM.ActiveCfg = Release|Any CPU
		{ADFA66F1-D46A-44E8-9807-EDA71961FDEB}.Release|ARM.Build.0 = Release|Any CPU
		{ADFA66F1-D46A-44E8-9807-EDA71961FDEB}.Release|ARM.Deploy.0 = Release|Any CPU
		{ADFA66F1-D46A-44E8-9807-EDA71961FDEB}.Release|iPhone.ActiveCfg = Release|Any CPU
		{ADFA66F1-D46A-44E8-9807-EDA71961FDEB}.Release|iPhone.Build.0 = Release|Any CPU
		{ADFA66F1-D46A-44E8-9807-EDA71961FDEB}.Release|iPhone.Deploy.0 = Release|Any CPU
		{ADFA66F1-D46A-44E8-9807-EDA71961FDEB}.Release|iPhoneSimulator.ActiveCfg = Release|Any CPU
		{ADFA66F1-D46A-44E8-9807-EDA71961FDEB}.Release|iPhoneSimulator.Build.0 = Release|Any CPU
		{ADFA66F1-D46A-44E8-9807-EDA71961FDEB}.Release|iPhoneSimulator.Deploy.0 = Release|Any CPU
		{ADFA66F1-D46A-44E8-9807-EDA71961FDEB}.Release|x64.ActiveCfg = Release|Any CPU
		{ADFA66F1-D46A-44E8-9807-EDA71961FDEB}.Release|x64.Build.0 = Release|Any CPU
		{ADFA66F1-D46A-44E8-9807-EDA71961FDEB}.Release|x64.Deploy.0 = Release|Any CPU
		{ADFA66F1-D46A-44E8-9807-EDA71961FDEB}.Release|x86.ActiveCfg = Release|Any CPU
		{ADFA66F1-D46A-44E8-9807-EDA71961FDEB}.Release|x86.Build.0 = Release|Any CPU
		{ADFA66F1-D46A-44E8-9807-EDA71961FDEB}.Release|x86.Deploy.0 = Release|Any CPU
		{8E943189-C833-489C-AAB2-06CF863E8D6E}.Ad-Hoc|Any CPU.ActiveCfg = Ad-Hoc|iPhoneSimulator
		{8E943189-C833-489C-AAB2-06CF863E8D6E}.Ad-Hoc|ARM.ActiveCfg = Ad-Hoc|iPhoneSimulator
		{8E943189-C833-489C-AAB2-06CF863E8D6E}.Ad-Hoc|iPhone.ActiveCfg = Ad-Hoc|iPhone
		{8E943189-C833-489C-AAB2-06CF863E8D6E}.Ad-Hoc|iPhone.Build.0 = Ad-Hoc|iPhone
		{8E943189-C833-489C-AAB2-06CF863E8D6E}.Ad-Hoc|iPhoneSimulator.ActiveCfg = Ad-Hoc|iPhoneSimulator
		{8E943189-C833-489C-AAB2-06CF863E8D6E}.Ad-Hoc|iPhoneSimulator.Build.0 = Ad-Hoc|iPhoneSimulator
		{8E943189-C833-489C-AAB2-06CF863E8D6E}.Ad-Hoc|x64.ActiveCfg = Ad-Hoc|iPhoneSimulator
		{8E943189-C833-489C-AAB2-06CF863E8D6E}.Ad-Hoc|x86.ActiveCfg = Ad-Hoc|iPhoneSimulator
		{8E943189-C833-489C-AAB2-06CF863E8D6E}.AppStore|Any CPU.ActiveCfg = AppStore|iPhoneSimulator
		{8E943189-C833-489C-AAB2-06CF863E8D6E}.AppStore|ARM.ActiveCfg = AppStore|iPhoneSimulator
		{8E943189-C833-489C-AAB2-06CF863E8D6E}.AppStore|iPhone.ActiveCfg = AppStore|iPhone
		{8E943189-C833-489C-AAB2-06CF863E8D6E}.AppStore|iPhone.Build.0 = AppStore|iPhone
		{8E943189-C833-489C-AAB2-06CF863E8D6E}.AppStore|iPhoneSimulator.ActiveCfg = AppStore|iPhoneSimulator
		{8E943189-C833-489C-AAB2-06CF863E8D6E}.AppStore|iPhoneSimulator.Build.0 = AppStore|iPhoneSimulator
		{8E943189-C833-489C-AAB2-06CF863E8D6E}.AppStore|x64.ActiveCfg = AppStore|iPhoneSimulator
		{8E943189-C833-489C-AAB2-06CF863E8D6E}.AppStore|x86.ActiveCfg = AppStore|iPhoneSimulator
		{8E943189-C833-489C-AAB2-06CF863E8D6E}.Debug|Any CPU.ActiveCfg = Debug|iPhoneSimulator
		{8E943189-C833-489C-AAB2-06CF863E8D6E}.Debug|ARM.ActiveCfg = Debug|iPhoneSimulator
		{8E943189-C833-489C-AAB2-06CF863E8D6E}.Debug|iPhone.ActiveCfg = Debug|iPhone
		{8E943189-C833-489C-AAB2-06CF863E8D6E}.Debug|iPhone.Build.0 = Debug|iPhone
		{8E943189-C833-489C-AAB2-06CF863E8D6E}.Debug|iPhoneSimulator.ActiveCfg = Debug|iPhoneSimulator
		{8E943189-C833-489C-AAB2-06CF863E8D6E}.Debug|iPhoneSimulator.Build.0 = Debug|iPhoneSimulator
		{8E943189-C833-489C-AAB2-06CF863E8D6E}.Debug|x64.ActiveCfg = Debug|iPhoneSimulator
		{8E943189-C833-489C-AAB2-06CF863E8D6E}.Debug|x86.ActiveCfg = Debug|iPhoneSimulator
		{8E943189-C833-489C-AAB2-06CF863E8D6E}.Release|Any CPU.ActiveCfg = Release|iPhoneSimulator
		{8E943189-C833-489C-AAB2-06CF863E8D6E}.Release|ARM.ActiveCfg = Release|iPhoneSimulator
		{8E943189-C833-489C-AAB2-06CF863E8D6E}.Release|iPhone.ActiveCfg = Release|iPhone
		{8E943189-C833-489C-AAB2-06CF863E8D6E}.Release|iPhone.Build.0 = Release|iPhone
		{8E943189-C833-489C-AAB2-06CF863E8D6E}.Release|iPhoneSimulator.ActiveCfg = Release|iPhoneSimulator
		{8E943189-C833-489C-AAB2-06CF863E8D6E}.Release|iPhoneSimulator.Build.0 = Release|iPhoneSimulator
		{8E943189-C833-489C-AAB2-06CF863E8D6E}.Release|x64.ActiveCfg = Release|iPhoneSimulator
		{8E943189-C833-489C-AAB2-06CF863E8D6E}.Release|x86.ActiveCfg = Release|iPhoneSimulator
		{7376D0F2-5879-4AAB-8448-8A33DC0D38EE}.Ad-Hoc|Any CPU.ActiveCfg = Debug|ARM
		{7376D0F2-5879-4AAB-8448-8A33DC0D38EE}.Ad-Hoc|Any CPU.Build.0 = Debug|ARM
		{7376D0F2-5879-4AAB-8448-8A33DC0D38EE}.Ad-Hoc|Any CPU.Deploy.0 = Debug|ARM
		{7376D0F2-5879-4AAB-8448-8A33DC0D38EE}.Ad-Hoc|ARM.ActiveCfg = Debug|ARM
		{7376D0F2-5879-4AAB-8448-8A33DC0D38EE}.Ad-Hoc|ARM.Build.0 = Debug|ARM
		{7376D0F2-5879-4AAB-8448-8A33DC0D38EE}.Ad-Hoc|ARM.Deploy.0 = Debug|ARM
		{7376D0F2-5879-4AAB-8448-8A33DC0D38EE}.Ad-Hoc|iPhone.ActiveCfg = Debug|ARM
		{7376D0F2-5879-4AAB-8448-8A33DC0D38EE}.Ad-Hoc|iPhone.Build.0 = Debug|ARM
		{7376D0F2-5879-4AAB-8448-8A33DC0D38EE}.Ad-Hoc|iPhone.Deploy.0 = Debug|ARM
		{7376D0F2-5879-4AAB-8448-8A33DC0D38EE}.Ad-Hoc|iPhoneSimulator.ActiveCfg = Debug|ARM
		{7376D0F2-5879-4AAB-8448-8A33DC0D38EE}.Ad-Hoc|iPhoneSimulator.Build.0 = Debug|ARM
		{7376D0F2-5879-4AAB-8448-8A33DC0D38EE}.Ad-Hoc|iPhoneSimulator.Deploy.0 = Debug|ARM
		{7376D0F2-5879-4AAB-8448-8A33DC0D38EE}.Ad-Hoc|x64.ActiveCfg = Debug|x64
		{7376D0F2-5879-4AAB-8448-8A33DC0D38EE}.Ad-Hoc|x64.Build.0 = Debug|x64
		{7376D0F2-5879-4AAB-8448-8A33DC0D38EE}.Ad-Hoc|x64.Deploy.0 = Debug|x64
		{7376D0F2-5879-4AAB-8448-8A33DC0D38EE}.Ad-Hoc|x86.ActiveCfg = Debug|x86
		{7376D0F2-5879-4AAB-8448-8A33DC0D38EE}.Ad-Hoc|x86.Build.0 = Debug|x86
		{7376D0F2-5879-4AAB-8448-8A33DC0D38EE}.Ad-Hoc|x86.Deploy.0 = Debug|x86
		{7376D0F2-5879-4AAB-8448-8A33DC0D38EE}.AppStore|Any CPU.ActiveCfg = Debug|ARM
		{7376D0F2-5879-4AAB-8448-8A33DC0D38EE}.AppStore|Any CPU.Build.0 = Debug|ARM
		{7376D0F2-5879-4AAB-8448-8A33DC0D38EE}.AppStore|Any CPU.Deploy.0 = Debug|ARM
		{7376D0F2-5879-4AAB-8448-8A33DC0D38EE}.AppStore|ARM.ActiveCfg = Debug|ARM
		{7376D0F2-5879-4AAB-8448-8A33DC0D38EE}.AppStore|ARM.Build.0 = Debug|ARM
		{7376D0F2-5879-4AAB-8448-8A33DC0D38EE}.AppStore|ARM.Deploy.0 = Debug|ARM
		{7376D0F2-5879-4AAB-8448-8A33DC0D38EE}.AppStore|iPhone.ActiveCfg = Debug|ARM
		{7376D0F2-5879-4AAB-8448-8A33DC0D38EE}.AppStore|iPhone.Build.0 = Debug|ARM
		{7376D0F2-5879-4AAB-8448-8A33DC0D38EE}.AppStore|iPhone.Deploy.0 = Debug|ARM
		{7376D0F2-5879-4AAB-8448-8A33DC0D38EE}.AppStore|iPhoneSimulator.ActiveCfg = Debug|ARM
		{7376D0F2-5879-4AAB-8448-8A33DC0D38EE}.AppStore|iPhoneSimulator.Build.0 = Debug|ARM
		{7376D0F2-5879-4AAB-8448-8A33DC0D38EE}.AppStore|iPhoneSimulator.Deploy.0 = Debug|ARM
		{7376D0F2-5879-4AAB-8448-8A33DC0D38EE}.AppStore|x64.ActiveCfg = Debug|x64
		{7376D0F2-5879-4AAB-8448-8A33DC0D38EE}.AppStore|x64.Build.0 = Debug|x64
		{7376D0F2-5879-4AAB-8448-8A33DC0D38EE}.AppStore|x64.Deploy.0 = Debug|x64
		{7376D0F2-5879-4AAB-8448-8A33DC0D38EE}.AppStore|x86.ActiveCfg = Debug|x86
		{7376D0F2-5879-4AAB-8448-8A33DC0D38EE}.AppStore|x86.Build.0 = Debug|x86
		{7376D0F2-5879-4AAB-8448-8A33DC0D38EE}.AppStore|x86.Deploy.0 = Debug|x86
		{7376D0F2-5879-4AAB-8448-8A33DC0D38EE}.Debug|Any CPU.ActiveCfg = Debug|x86
		{7376D0F2-5879-4AAB-8448-8A33DC0D38EE}.Debug|Any CPU.Build.0 = Debug|x86
		{7376D0F2-5879-4AAB-8448-8A33DC0D38EE}.Debug|Any CPU.Deploy.0 = Debug|x86
		{7376D0F2-5879-4AAB-8448-8A33DC0D38EE}.Debug|ARM.ActiveCfg = Debug|ARM
		{7376D0F2-5879-4AAB-8448-8A33DC0D38EE}.Debug|ARM.Build.0 = Debug|ARM
		{7376D0F2-5879-4AAB-8448-8A33DC0D38EE}.Debug|ARM.Deploy.0 = Debug|ARM
		{7376D0F2-5879-4AAB-8448-8A33DC0D38EE}.Debug|iPhone.ActiveCfg = Debug|x86
		{7376D0F2-5879-4AAB-8448-8A33DC0D38EE}.Debug|iPhoneSimulator.ActiveCfg = Debug|x86
		{7376D0F2-5879-4AAB-8448-8A33DC0D38EE}.Debug|x64.ActiveCfg = Debug|x64
		{7376D0F2-5879-4AAB-8448-8A33DC0D38EE}.Debug|x64.Build.0 = Debug|x64
		{7376D0F2-5879-4AAB-8448-8A33DC0D38EE}.Debug|x64.Deploy.0 = Debug|x64
		{7376D0F2-5879-4AAB-8448-8A33DC0D38EE}.Debug|x86.ActiveCfg = Debug|x86
		{7376D0F2-5879-4AAB-8448-8A33DC0D38EE}.Debug|x86.Build.0 = Debug|x86
		{7376D0F2-5879-4AAB-8448-8A33DC0D38EE}.Debug|x86.Deploy.0 = Debug|x86
		{7376D0F2-5879-4AAB-8448-8A33DC0D38EE}.Release|Any CPU.ActiveCfg = Release|x86
		{7376D0F2-5879-4AAB-8448-8A33DC0D38EE}.Release|ARM.ActiveCfg = Release|ARM
		{7376D0F2-5879-4AAB-8448-8A33DC0D38EE}.Release|ARM.Build.0 = Release|ARM
		{7376D0F2-5879-4AAB-8448-8A33DC0D38EE}.Release|ARM.Deploy.0 = Release|ARM
		{7376D0F2-5879-4AAB-8448-8A33DC0D38EE}.Release|iPhone.ActiveCfg = Release|x86
		{7376D0F2-5879-4AAB-8448-8A33DC0D38EE}.Release|iPhoneSimulator.ActiveCfg = Release|x86
		{7376D0F2-5879-4AAB-8448-8A33DC0D38EE}.Release|x64.ActiveCfg = Release|x64
		{7376D0F2-5879-4AAB-8448-8A33DC0D38EE}.Release|x64.Build.0 = Release|x64
		{7376D0F2-5879-4AAB-8448-8A33DC0D38EE}.Release|x64.Deploy.0 = Release|x64
		{7376D0F2-5879-4AAB-8448-8A33DC0D38EE}.Release|x86.ActiveCfg = Release|x86
		{7376D0F2-5879-4AAB-8448-8A33DC0D38EE}.Release|x86.Build.0 = Release|x86
		{7376D0F2-5879-4AAB-8448-8A33DC0D38EE}.Release|x86.Deploy.0 = Release|x86
	EndGlobalSection
	GlobalSection(SolutionProperties) = preSolution
		HideSolutionNode = FALSE
	EndGlobalSection
	GlobalSection(ExtensibilityGlobals) = postSolution
		SolutionGuid = {FB6FA6A4-9F40-4FFC-8F33-B34B2FCE71D9}
	EndGlobalSection
EndGlobal
